
Microsoft Visual Studio Solution File, Format Version 12.00
# Visual Studio Version 16
VisualStudioVersion = 16.0.31410.357
MinimumVisualStudioVersion = 10.0.40219.1
Project("{9A19103F-16F7-4668-BE54-9A1E7A4F7556}") = "CoreDemo", "CoreDemo\CoreDemo.csproj", "{55803CDD-5CC0-4F72-8456-C94EBEBBF4C4}"
EndProject
Project("{9A19103F-16F7-4668-BE54-9A1E7A4F7556}") = "EntityLayer", "EntityLayer\EntityLayer.csproj", "{DE32E1D5-2989-44AA-A8B1-AC4DE8AC517D}"
EndProject
Project("{9A19103F-16F7-4668-BE54-9A1E7A4F7556}") = "DataAccessLayer", "DataAccessLayer\DataAccessLayer.csproj", "{7FB668A8-9D8E-4BFD-93F7-661C4F82A587}"
EndProject
Project("{9A19103F-16F7-4668-BE54-9A1E7A4F7556}") = "BusinessLayer", "BusinessLayer\BusinessLayer.csproj", "{12DA61F4-D35E-4065-AD5B-4C4CFC288B74}"
EndProject
Project("{9A19103F-16F7-4668-BE54-9A1E7A4F7556}") = "CoreLayer", "CoreLayer\CoreLayer.csproj", "{5BB8B22B-C222-4497-8750-4C33607EC516}"
EndProject
Project("{FAE04EC0-301F-11D3-BF4B-00C04F79EFBC}") = "BlogApiDemo", "BlogApiDemo\BlogApiDemo.csproj", "{24F935AE-83BB-4482-85CE-946EEFF9FCF3}"
EndProject
Global
	GlobalSection(SolutionConfigurationPlatforms) = preSolution
		Debug|Any CPU = Debug|Any CPU
		Release|Any CPU = Release|Any CPU
	EndGlobalSection
	GlobalSection(ProjectConfigurationPlatforms) = postSolution
		{55803CDD-5CC0-4F72-8456-C94EBEBBF4C4}.Debug|Any CPU.ActiveCfg = Debug|Any CPU
		{55803CDD-5CC0-4F72-8456-C94EBEBBF4C4}.Debug|Any CPU.Build.0 = Debug|Any CPU
		{55803CDD-5CC0-4F72-8456-C94EBEBBF4C4}.Release|Any CPU.ActiveCfg = Release|Any CPU
		{55803CDD-5CC0-4F72-8456-C94EBEBBF4C4}.Release|Any CPU.Build.0 = Release|Any CPU
		{DE32E1D5-2989-44AA-A8B1-AC4DE8AC517D}.Debug|Any CPU.ActiveCfg = Debug|Any CPU
		{DE32E1D5-2989-44AA-A8B1-AC4DE8AC517D}.Debug|Any CPU.Build.0 = Debug|Any CPU
		{DE32E1D5-2989-44AA-A8B1-AC4DE8AC517D}.Release|Any CPU.ActiveCfg = Release|Any CPU
		{DE32E1D5-2989-44AA-A8B1-AC4DE8AC517D}.Release|Any CPU.Build.0 = Release|Any CPU
		{7FB668A8-9D8E-4BFD-93F7-661C4F82A587}.Debug|Any CPU.ActiveCfg = Debug|Any CPU
		{7FB668A8-9D8E-4BFD-93F7-661C4F82A587}.Debug|Any CPU.Build.0 = Debug|Any CPU
		{7FB668A8-9D8E-4BFD-93F7-661C4F82A587}.Release|Any CPU.ActiveCfg = Release|Any CPU
		{7FB668A8-9D8E-4BFD-93F7-661C4F82A587}.Release|Any CPU.Build.0 = Release|Any CPU
		{12DA61F4-D35E-4065-AD5B-4C4CFC288B74}.Debug|Any CPU.ActiveCfg = Debug|Any CPU
		{12DA61F4-D35E-4065-AD5B-4C4CFC288B74}.Debug|Any CPU.Build.0 = Debug|Any CPU
		{12DA61F4-D35E-4065-AD5B-4C4CFC288B74}.Release|Any CPU.ActiveCfg = Release|Any CPU
		{12DA61F4-D35E-4065-AD5B-4C4CFC288B74}.Release|Any CPU.Build.0 = Release|Any CPU
		{5BB8B22B-C222-4497-8750-4C33607EC516}.Debug|Any CPU.ActiveCfg = Debug|Any CPU
		{5BB8B22B-C222-4497-8750-4C33607EC516}.Debug|Any CPU.Build.0 = Debug|Any CPU
		{5BB8B22B-C222-4497-8750-4C33607EC516}.Release|Any CPU.ActiveCfg = Release|Any CPU
		{5BB8B22B-C222-4497-8750-4C33607EC516}.Release|Any CPU.Build.0 = Release|Any CPU
		{24F935AE-83BB-4482-85CE-946EEFF9FCF3}.Debug|Any CPU.ActiveCfg = Debug|Any CPU
		{24F935AE-83BB-4482-85CE-946EEFF9FCF3}.Debug|Any CPU.Build.0 = Debug|Any CPU
		{24F935AE-83BB-4482-85CE-946EEFF9FCF3}.Release|Any CPU.ActiveCfg = Release|Any CPU
		{24F935AE-83BB-4482-85CE-946EEFF9FCF3}.Release|Any CPU.Build.0 = Release|Any CPU
	EndGlobalSection
	GlobalSection(SolutionProperties) = preSolution
		HideSolutionNode = FALSE
	EndGlobalSection
	GlobalSection(ExtensibilityGlobals) = postSolution
		SolutionGuid = {6F0C3A3F-30BD-4F5C-B6FD-48FEBC82F28D}
	EndGlobalSection
EndGlobal
